
Microsoft Visual Studio Solution File, Format Version 12.00
# Visual Studio Version 16
VisualStudioVersion = 16.0.30517.126
MinimumVisualStudioVersion = 10.0.40219.1
Project("{8BC9CEB8-8B4A-11D0-8D11-00A0C91BC942}") = "pr02_b_IGV", "pr02_b_IGV\pr02_b_IGV.vcxproj", "{ACAC3B37-BF52-4ACB-8799-137A8593F35F}"
EndProject
Global
	GlobalSection(SolutionConfigurationPlatforms) = preSolution
		Debug|x64 = Debug|x64
		Debug|x86 = Debug|x86
		Release|x64 = Release|x64
		Release|x86 = Release|x86
	EndGlobalSection
	GlobalSection(ProjectConfigurationPlatforms) = postSolution
		{ACAC3B37-BF52-4ACB-8799-137A8593F35F}.Debug|x64.ActiveCfg = Debug|x64
		{ACAC3B37-BF52-4ACB-8799-137A8593F35F}.Debug|x64.Build.0 = Debug|x64
		{ACAC3B37-BF52-4ACB-8799-137A8593F35F}.Debug|x86.ActiveCfg = Debug|Win32
		{ACAC3B37-BF52-4ACB-8799-137A8593F35F}.Debug|x86.Build.0 = Debug|Win32
		{ACAC3B37-BF52-4ACB-8799-137A8593F35F}.Release|x64.ActiveCfg = Release|x64
		{ACAC3B37-BF52-4ACB-8799-137A8593F35F}.Release|x64.Build.0 = Release|x64
		{ACAC3B37-BF52-4ACB-8799-137A8593F35F}.Release|x86.ActiveCfg = Release|Win32
		{ACAC3B37-BF52-4ACB-8799-137A8593F35F}.Release|x86.Build.0 = Release|Win32
	EndGlobalSection
	GlobalSection(SolutionProperties) = preSolution
		HideSolutionNode = FALSE
	EndGlobalSection
	GlobalSection(ExtensibilityGlobals) = postSolution
		SolutionGuid = {FEF667E3-3BE7-477A-BF9F-D95A91C16C7C}
	EndGlobalSection
EndGlobal
